
Microsoft Visual Studio Solution File, Format Version 12.00
# Visual Studio Version 17
VisualStudioVersion = 17.10.35027.167
MinimumVisualStudioVersion = 10.0.40219.1
Project("{9A19103F-16F7-4668-BE54-9A1E7A4F7556}") = "RestaurantApp", "RestaurantApp\RestaurantApp.csproj", "{A1CB02B2-4810-4425-8490-9467934871DC}"
EndProject
Project("{2150E333-8FDC-42A3-9474-1A3956D46DE8}") = "Solution Items", "Solution Items", "{64F5C0FA-E3FE-4E53-8E21-ECEF7C011E99}"
EndProject
Global
	GlobalSection(SolutionConfigurationPlatforms) = preSolution
		Debug|Any CPU = Debug|Any CPU
		Release|Any CPU = Release|Any CPU
	EndGlobalSection
	GlobalSection(ProjectConfigurationPlatforms) = postSolution
		{A1CB02B2-4810-4425-8490-9467934871DC}.Debug|Any CPU.ActiveCfg = Debug|Any CPU
		{A1CB02B2-4810-4425-8490-9467934871DC}.Debug|Any CPU.Build.0 = Debug|Any CPU
		{A1CB02B2-4810-4425-8490-9467934871DC}.Debug|Any CPU.Deploy.0 = Debug|Any CPU
		{A1CB02B2-4810-4425-8490-9467934871DC}.Release|Any CPU.ActiveCfg = Release|Any CPU
		{A1CB02B2-4810-4425-8490-9467934871DC}.Release|Any CPU.Build.0 = Release|Any CPU
		{A1CB02B2-4810-4425-8490-9467934871DC}.Release|Any CPU.Deploy.0 = Release|Any CPU
	EndGlobalSection
	GlobalSection(SolutionProperties) = preSolution
		HideSolutionNode = FALSE
	EndGlobalSection
	GlobalSection(ExtensibilityGlobals) = postSolution
		SolutionGuid = {C2D22F52-CFDA-47C6-A800-903D78C44CDB}
	EndGlobalSection
EndGlobal
